# This file is autogenerated, do not edit; changes may be undone by the next 'dep ensure'.


[[projects]]
  branch = "master"
  digest = "1:8910ad524eee110f09102997b51e70c263be780c44551d94f263e57bfd5732b4"
  name = "github.com/kvannotten/mailstrip"
  packages = ["."]
  pruneopts = "UT"
  revision = "8f6842020964c47a545619cc246e4d27770a22e8"

[solve-meta]
  analyzer-name = "dep"
  analyzer-version = 1
  input-imports = ["github.com/kvannotten/mailstrip"]
  solver-name = "gps-cdcl"
  solver-version = 1
